
Microsoft Visual Studio Solution File, Format Version 12.00
# Visual Studio Version 17
VisualStudioVersion = 17.5.002.0
MinimumVisualStudioVersion = 10.0.40219.1
Project("{9A19103F-16F7-4668-BE54-9A1E7A4F7556}") = "MyApplication", "MyApplication\MyApplication.csproj", "{1A4F602B-C946-4EB1-9544-38935300E2BB}"
EndProject
Global
	GlobalSection(SolutionConfigurationPlatforms) = preSolution
		Debug|Any CPU = Debug|Any CPU
		Release|Any CPU = Release|Any CPU
	EndGlobalSection
	GlobalSection(ProjectConfigurationPlatforms) = postSolution
		{1A4F602B-C946-4EB1-9544-38935300E2BB}.Debug|Any CPU.ActiveCfg = Debug|Any CPU
		{1A4F602B-C946-4EB1-9544-38935300E2BB}.Debug|Any CPU.Build.0 = Debug|Any CPU
		{1A4F602B-C946-4EB1-9544-38935300E2BB}.Release|Any CPU.ActiveCfg = Release|Any CPU
		{1A4F602B-C946-4EB1-9544-38935300E2BB}.Release|Any CPU.Build.0 = Release|Any CPU
	EndGlobalSection
	GlobalSection(SolutionProperties) = preSolution
		HideSolutionNode = FALSE
	EndGlobalSection
	GlobalSection(ExtensibilityGlobals) = postSolution
		SolutionGuid = {2D411F5D-6BC5-43AA-97FC-9681E04DB6AA}
	EndGlobalSection
EndGlobal
